{
  "version": 4,
  "terraform_version": "1.2.4",
  "serial": 8,
  "lineage": "bee2b067-8c38-2cb8-9b12-e8d938f7a0ac",
  "outputs": {
    "ami1": {
      "value": "ami-0ea93483c6ad07c3f",
      "type": "string"
    },
    "instance_type": {
      "value": "t2.micro",
      "type": "string"
    },
    "port1": {
      "value": 0,
      "type": "number"
    },
    "port2": {
      "value": 0,
      "type": "number"
    },
    "protocol1": {
      "value": -1,
      "type": "number"
    },
    "size1": {
      "value": 40,
      "type": "number"
    },
    "tag": {
      "value": {
        "Name": "Aj1"
      },
      "type": [
        "map",
        "string"
      ]
    },
    "zone": {
      "value": "ap-south-1a",
      "type": "string"
    }
  },
  "resources": [
    {
      "module": "module.Instance",
      "mode": "managed",
      "type": "aws_ebs_volume",
      "name": "abhi1",
      "provider": "module.Instance.provider[\"registry.terraform.io/hashicorp/aws\"]",
      "instances": [
        {
          "schema_version": 0,
          "attributes": {
            "arn": "arn:aws:ec2:ap-south-1:528519205020:volume/vol-0ef850c4607581bd3",
            "availability_zone": "ap-south-1a",
            "encrypted": false,
            "final_snapshot": false,
            "id": "vol-0ef850c4607581bd3",
            "iops": 120,
            "kms_key_id": "",
            "multi_attach_enabled": false,
            "outpost_arn": "",
            "size": 40,
            "snapshot_id": "",
            "tags": {
              "Name": "Aj1"
            },
            "tags_all": {
              "Name": "Aj1"
            },
            "throughput": 0,
            "timeouts": null,
            "type": "gp2"
          },
          "sensitive_attributes": [],
          "private": "eyJlMmJmYjczMC1lY2FhLTExZTYtOGY4OC0zNDM2M2JjN2M0YzAiOnsiY3JlYXRlIjozMDAwMDAwMDAwMDAsImRlbGV0ZSI6MzAwMDAwMDAwMDAwLCJ1cGRhdGUiOjMwMDAwMDAwMDAwMH19"
        }
      ]
    },
    {
      "module": "module.Instance",
      "mode": "managed",
      "type": "aws_security_group",
      "name": "abhi2",
      "provider": "module.Instance.provider[\"registry.terraform.io/hashicorp/aws\"]",
      "instances": [
        {
          "schema_version": 1,
          "attributes": {
            "arn": "arn:aws:ec2:ap-south-1:528519205020:security-group/sg-06a2ea2f05b2d2997",
            "description": "Managed by Terraform",
            "egress": [
              {
                "cidr_blocks": [],
                "description": "",
                "from_port": 0,
                "ipv6_cidr_blocks": [],
                "prefix_list_ids": [],
                "protocol": "-1",
                "security_groups": [],
                "self": false,
                "to_port": 0
              }
            ],
            "id": "sg-06a2ea2f05b2d2997",
            "ingress": [],
            "name": "terraform-20220822151025274300000001",
            "name_prefix": "terraform-",
            "owner_id": "528519205020",
            "revoke_rules_on_delete": false,
            "tags": {},
            "tags_all": {},
            "timeouts": null,
            "vpc_id": "vpc-0db9b000905eaca0e"
          },
          "sensitive_attributes": [],
          "private": "eyJlMmJmYjczMC1lY2FhLTExZTYtOGY4OC0zNDM2M2JjN2M0YzAiOnsiY3JlYXRlIjo2MDAwMDAwMDAwMDAsImRlbGV0ZSI6OTAwMDAwMDAwMDAwfSwic2NoZW1hX3ZlcnNpb24iOiIxIn0="
        }
      ]
    }
  ]
}
